
Microsoft Visual Studio Solution File, Format Version 11.00
# Visual C# Express 2010
Project("{FAE04EC0-301F-11D3-BF4B-00C04F79EFBC}") = "NEXUS-Informatix", "NEXUS-Informatix\NEXUS-Informatix.csproj", "{A4B5A5EC-BF21-4AEC-A2E1-81F63A598F52}"
EndProject
Project("{FAE04EC0-301F-11D3-BF4B-00C04F79EFBC}") = "ConnectionSettings", "ConnectionSettings\ConnectionSettings.csproj", "{53B4543B-D000-4F20-8DE6-B985DBEE32B3}"
EndProject
Global
	GlobalSection(SolutionConfigurationPlatforms) = preSolution
		Debug|Any CPU = Debug|Any CPU
		Debug|Mixed Platforms = Debug|Mixed Platforms
		Debug|x86 = Debug|x86
		Release|Any CPU = Release|Any CPU
		Release|Mixed Platforms = Release|Mixed Platforms
		Release|x86 = Release|x86
	EndGlobalSection
	GlobalSection(ProjectConfigurationPlatforms) = postSolution
		{A4B5A5EC-BF21-4AEC-A2E1-81F63A598F52}.Debug|Any CPU.ActiveCfg = Debug|x86
		{A4B5A5EC-BF21-4AEC-A2E1-81F63A598F52}.Debug|Mixed Platforms.ActiveCfg = Debug|x86
		{A4B5A5EC-BF21-4AEC-A2E1-81F63A598F52}.Debug|Mixed Platforms.Build.0 = Debug|x86
		{A4B5A5EC-BF21-4AEC-A2E1-81F63A598F52}.Debug|x86.ActiveCfg = Debug|x86
		{A4B5A5EC-BF21-4AEC-A2E1-81F63A598F52}.Debug|x86.Build.0 = Debug|x86
		{A4B5A5EC-BF21-4AEC-A2E1-81F63A598F52}.Release|Any CPU.ActiveCfg = Release|x86
		{A4B5A5EC-BF21-4AEC-A2E1-81F63A598F52}.Release|Mixed Platforms.ActiveCfg = Release|x86
		{A4B5A5EC-BF21-4AEC-A2E1-81F63A598F52}.Release|Mixed Platforms.Build.0 = Release|x86
		{A4B5A5EC-BF21-4AEC-A2E1-81F63A598F52}.Release|x86.ActiveCfg = Release|x86
		{A4B5A5EC-BF21-4AEC-A2E1-81F63A598F52}.Release|x86.Build.0 = Release|x86
		{53B4543B-D000-4F20-8DE6-B985DBEE32B3}.Debug|Any CPU.ActiveCfg = Debug|Any CPU
		{53B4543B-D000-4F20-8DE6-B985DBEE32B3}.Debug|Any CPU.Build.0 = Debug|Any CPU
		{53B4543B-D000-4F20-8DE6-B985DBEE32B3}.Debug|Mixed Platforms.ActiveCfg = Debug|Any CPU
		{53B4543B-D000-4F20-8DE6-B985DBEE32B3}.Debug|Mixed Platforms.Build.0 = Debug|Any CPU
		{53B4543B-D000-4F20-8DE6-B985DBEE32B3}.Debug|x86.ActiveCfg = Debug|Any CPU
		{53B4543B-D000-4F20-8DE6-B985DBEE32B3}.Release|Any CPU.ActiveCfg = Release|Any CPU
		{53B4543B-D000-4F20-8DE6-B985DBEE32B3}.Release|Any CPU.Build.0 = Release|Any CPU
		{53B4543B-D000-4F20-8DE6-B985DBEE32B3}.Release|Mixed Platforms.ActiveCfg = Release|Any CPU
		{53B4543B-D000-4F20-8DE6-B985DBEE32B3}.Release|Mixed Platforms.Build.0 = Release|Any CPU
		{53B4543B-D000-4F20-8DE6-B985DBEE32B3}.Release|x86.ActiveCfg = Release|Any CPU
	EndGlobalSection
	GlobalSection(SolutionProperties) = preSolution
		HideSolutionNode = FALSE
	EndGlobalSection
EndGlobal
